{
  "requires": true,
  "lockfileVersion": 1,
  "dependencies": {
    "react-lorem-ipsum": {
      "version": "1.4.4",
      "resolved": "https://registry.npmjs.org/react-lorem-ipsum/-/react-lorem-ipsum-1.4.4.tgz",
      "integrity": "sha512-JAaZIV+KV3XK+cVtSs612hJSicSyRt7ppMN4Nu/yD8ELZIw8vV7fAk+vkD7xoKAqx1NgXQUzWnOE7PZ9C8u6Xg=="
    }
  }
}
